
Microsoft Visual Studio Solution File, Format Version 12.00
# Visual Studio Version 17
VisualStudioVersion = 17.8.34309.116
MinimumVisualStudioVersion = 10.0.40219.1
Project("{FAE04EC0-301F-11D3-BF4B-00C04F79EFBC}") = "WebAPI", "WebAPI\WebAPI.csproj", "{C9E64C91-37CE-48CB-ACE8-52D99D2C46F3}"
EndProject
Global
	GlobalSection(SolutionConfigurationPlatforms) = preSolution
		Debug|Any CPU = Debug|Any CPU
		Release|Any CPU = Release|Any CPU
	EndGlobalSection
	GlobalSection(ProjectConfigurationPlatforms) = postSolution
		{C9E64C91-37CE-48CB-ACE8-52D99D2C46F3}.Debug|Any CPU.ActiveCfg = Debug|Any CPU
		{C9E64C91-37CE-48CB-ACE8-52D99D2C46F3}.Debug|Any CPU.Build.0 = Debug|Any CPU
		{C9E64C91-37CE-48CB-ACE8-52D99D2C46F3}.Release|Any CPU.ActiveCfg = Release|Any CPU
		{C9E64C91-37CE-48CB-ACE8-52D99D2C46F3}.Release|Any CPU.Build.0 = Release|Any CPU
	EndGlobalSection
	GlobalSection(SolutionProperties) = preSolution
		HideSolutionNode = FALSE
	EndGlobalSection
	GlobalSection(ExtensibilityGlobals) = postSolution
		SolutionGuid = {3156779A-06EC-46F0-9089-40B7A7489BDA}
	EndGlobalSection
EndGlobal
